# This file is autogenerated, do not edit; changes may be undone by the next 'dep ensure'.


[[projects]]
  name = "github.com/jbenet/go-base58"
  packages = ["."]
  revision = "6237cf65f3a6f7111cd8a42be3590df99a66bc7d"
  version = "1.0.0"

[solve-meta]
  analyzer-name = "dep"
  analyzer-version = 1
  inputs-digest = "58123ce732dbade60d5719dcdab2aa2d83fcbec6f555981b50dfd0d9f79acd46"
  solver-name = "gps-cdcl"
  solver-version = 1
